
Microsoft Visual Studio Solution File, Format Version 12.00
# Visual Studio 14
VisualStudioVersion = 14.0.25123.0
MinimumVisualStudioVersion = 10.0.40219.1
Project("{63D7723D-25A3-4B93-A1C6-0D10D32507CC}") = "Sitecore.Support.67071", "Sitecore.Support.67071\Sitecore.Support.67071.csproj", "{B56C3049-125E-4282-8B19-9B3831446EDF}"
EndProject
Global
	GlobalSection(SolutionConfigurationPlatforms) = preSolution
		Debug|Any CPU = Debug|Any CPU
		Release|Any CPU = Release|Any CPU
	EndGlobalSection
	GlobalSection(ProjectConfigurationPlatforms) = postSolution
		{B56C3049-125E-4282-8B19-9B3831446EDF}.Debug|Any CPU.ActiveCfg = Debug|Any CPU
		{B56C3049-125E-4282-8B19-9B3831446EDF}.Debug|Any CPU.Build.0 = Debug|Any CPU
		{B56C3049-125E-4282-8B19-9B3831446EDF}.Release|Any CPU.ActiveCfg = Release|Any CPU
		{B56C3049-125E-4282-8B19-9B3831446EDF}.Release|Any CPU.Build.0 = Release|Any CPU
	EndGlobalSection
	GlobalSection(SolutionProperties) = preSolution
		HideSolutionNode = FALSE
	EndGlobalSection
EndGlobal
